github.com/theNewDynamic/gohugo-theme-ananke v0.0.0-20231122160523-91df000ca827 h1:70DjvollwE7ZTbgF0E9hsR/cBYrNLwv59UaOb16Tm5c=
github.com/theNewDynamic/gohugo-theme-ananke v0.0.0-20231122160523-91df000ca827/go.mod h1:yY14BLqqh5G61rO81YcJKMHY1rClY5iIiUK+K2JKSUM=
github.com/willfaught/paige v0.71.4 h1:C4EjrWqxAVNP7iJi9LmsZGtt9BCMEpZoqPEm4wdEvlg=
github.com/willfaught/paige v0.71.4/go.mod h1:0Nt8ifl7UVYQIBaMtpZmg+BrQHHzFNqKcrBoA2Oo4/E=
